Microsoft Visual Studio Solution File, Format Version 12.00
# Visual Studio 15
VisualStudioVersion = 15.0.27004.2006
MinimumVisualStudioVersion = 10.0.40219.1
Project("{f2a71f9b-5d33-465a-a702-920d77279786}") = "Sharpie", "Sharpie\Sharpie.fsproj", "{2F60C8F7-31F5-4514-BB51-6F47E06EABC3}"
EndProject
Project("{2150E333-8FDC-42A3-9474-1A3956D46DE8}") = "Solution Items", "Solution Items", "{C1339D24-71CC-439A-99A1-8FAC3405C58E}"
	ProjectSection(SolutionItems) = preProject
		.editorconfig = .editorconfig
	EndProjectSection
EndProject
Project("{f2a71f9b-5d33-465a-a702-920d77279786}") = "Sharpie.Test", "DomainTests\Sharpie.Test.fsproj", "{CE9C1119-78AD-42B8-A4FF-351EB2BDDD75}"
EndProject
Project("{FAE04EC0-301F-11D3-BF4B-00C04F79EFBC}") = "Standard", "Standard\Standard.csproj", "{54B049DD-8B2B-4B86-BEE1-D7185933CEEB}"
EndProject
Project("{f2a71f9b-5d33-465a-a702-920d77279786}") = "SharpieStandard", "SharpieStandard\SharpieStandard.fsproj", "{C0DCECA8-0B9F-4B24-954D-237CF1E8F912}"
EndProject
Global
	GlobalSection(SolutionConfigurationPlatforms) = preSolution
		Debug|Any CPU = Debug|Any CPU
		Release|Any CPU = Release|Any CPU
	EndGlobalSection
	GlobalSection(ProjectConfigurationPlatforms) = postSolution
		{2F60C8F7-31F5-4514-BB51-6F47E06EABC3}.Debug|Any CPU.ActiveCfg = Debug|Any CPU
		{2F60C8F7-31F5-4514-BB51-6F47E06EABC3}.Debug|Any CPU.Build.0 = Debug|Any CPU
		{2F60C8F7-31F5-4514-BB51-6F47E06EABC3}.Release|Any CPU.ActiveCfg = Release|Any CPU
		{2F60C8F7-31F5-4514-BB51-6F47E06EABC3}.Release|Any CPU.Build.0 = Release|Any CPU
		{CE9C1119-78AD-42B8-A4FF-351EB2BDDD75}.Debug|Any CPU.ActiveCfg = Debug|Any CPU
		{CE9C1119-78AD-42B8-A4FF-351EB2BDDD75}.Debug|Any CPU.Build.0 = Debug|Any CPU
		{CE9C1119-78AD-42B8-A4FF-351EB2BDDD75}.Release|Any CPU.ActiveCfg = Release|Any CPU
		{CE9C1119-78AD-42B8-A4FF-351EB2BDDD75}.Release|Any CPU.Build.0 = Release|Any CPU
		{54B049DD-8B2B-4B86-BEE1-D7185933CEEB}.Debug|Any CPU.ActiveCfg = Debug|Any CPU
		{54B049DD-8B2B-4B86-BEE1-D7185933CEEB}.Debug|Any CPU.Build.0 = Debug|Any CPU
		{54B049DD-8B2B-4B86-BEE1-D7185933CEEB}.Release|Any CPU.ActiveCfg = Release|Any CPU
		{54B049DD-8B2B-4B86-BEE1-D7185933CEEB}.Release|Any CPU.Build.0 = Release|Any CPU
		{C0DCECA8-0B9F-4B24-954D-237CF1E8F912}.Debug|Any CPU.ActiveCfg = Debug|Any CPU
		{C0DCECA8-0B9F-4B24-954D-237CF1E8F912}.Debug|Any CPU.Build.0 = Debug|Any CPU
		{C0DCECA8-0B9F-4B24-954D-237CF1E8F912}.Release|Any CPU.ActiveCfg = Release|Any CPU
		{C0DCECA8-0B9F-4B24-954D-237CF1E8F912}.Release|Any CPU.Build.0 = Release|Any CPU
	EndGlobalSection
	GlobalSection(SolutionProperties) = preSolution
		HideSolutionNode = FALSE
	EndGlobalSection
	GlobalSection(ExtensibilityGlobals) = postSolution
		SolutionGuid = {0FDDFE49-C3F3-4561-BDF2-27CF6364A75C}
	EndGlobalSection
EndGlobal
