
Microsoft Visual Studio Solution File, Format Version 12.00
# Visual Studio 15
VisualStudioVersion = 15.0.26730.12
MinimumVisualStudioVersion = 10.0.40219.1
Project("{F2A71F9B-5D33-465A-A702-920D77279786}") = "Base", "Base\Base.fsproj", "{AEEAC37F-8F35-4485-A3C4-6D82E18BCABF}"
EndProject
Project("{FAE04EC0-301F-11D3-BF4B-00C04F79EFBC}") = "Standard", "..\Standard\Standard.csproj", "{C095DA60-CA9C-4E95-8871-DA1941E4C5E5}"
EndProject
Project("{FAE04EC0-301F-11D3-BF4B-00C04F79EFBC}") = "Core", "..\Core\Core.csproj", "{397FC26E-9CC3-43B9-AE05-153B3A746738}"
EndProject
Global
	GlobalSection(SolutionConfigurationPlatforms) = preSolution
		Debug|Any CPU = Debug|Any CPU
		Release|Any CPU = Release|Any CPU
	EndGlobalSection
	GlobalSection(ProjectConfigurationPlatforms) = postSolution
		{AEEAC37F-8F35-4485-A3C4-6D82E18BCABF}.Debug|Any CPU.ActiveCfg = Debug|Any CPU
		{AEEAC37F-8F35-4485-A3C4-6D82E18BCABF}.Debug|Any CPU.Build.0 = Debug|Any CPU
		{AEEAC37F-8F35-4485-A3C4-6D82E18BCABF}.Release|Any CPU.ActiveCfg = Release|Any CPU
		{AEEAC37F-8F35-4485-A3C4-6D82E18BCABF}.Release|Any CPU.Build.0 = Release|Any CPU
		{C095DA60-CA9C-4E95-8871-DA1941E4C5E5}.Debug|Any CPU.ActiveCfg = Debug|Any CPU
		{C095DA60-CA9C-4E95-8871-DA1941E4C5E5}.Debug|Any CPU.Build.0 = Debug|Any CPU
		{C095DA60-CA9C-4E95-8871-DA1941E4C5E5}.Release|Any CPU.ActiveCfg = Release|Any CPU
		{C095DA60-CA9C-4E95-8871-DA1941E4C5E5}.Release|Any CPU.Build.0 = Release|Any CPU
		{397FC26E-9CC3-43B9-AE05-153B3A746738}.Debug|Any CPU.ActiveCfg = Debug|Any CPU
		{397FC26E-9CC3-43B9-AE05-153B3A746738}.Debug|Any CPU.Build.0 = Debug|Any CPU
		{397FC26E-9CC3-43B9-AE05-153B3A746738}.Release|Any CPU.ActiveCfg = Release|Any CPU
		{397FC26E-9CC3-43B9-AE05-153B3A746738}.Release|Any CPU.Build.0 = Release|Any CPU
	EndGlobalSection
	GlobalSection(SolutionProperties) = preSolution
		HideSolutionNode = FALSE
	EndGlobalSection
	GlobalSection(ExtensibilityGlobals) = postSolution
		SolutionGuid = {170EDA65-B53C-4218-A6C2-491090430660}
	EndGlobalSection
EndGlobal
